
Microsoft Visual Studio Solution File, Format Version 12.00
# Visual Studio 15
VisualStudioVersion = 15.0.28010.2046
MinimumVisualStudioVersion = 10.0.40219.1
Project("{2150E333-8FDC-42A3-9474-1A3956D46DE8}") = "Web", "Web", "{5D45992E-5E34-47E4-9DDE-66B3B088492E}"
EndProject
Project("{2150E333-8FDC-42A3-9474-1A3956D46DE8}") = "Data", "Data", "{21B0E7F1-82A8-49B4-8E29-70E73EEFF1FE}"
EndProject
Project("{2150E333-8FDC-42A3-9474-1A3956D46DE8}") = "Services", "Services", "{B0AF7F79-D2B5-4FBC-958C-B334FE50178B}"
EndProject
Project("{FAE04EC0-301F-11D3-BF4B-00C04F79EFBC}") = "News.App", "News.App\News.App.csproj", "{CEA9BE60-059D-4E1E-95AB-746AF2581294}"
EndProject
Project("{9A19103F-16F7-4668-BE54-9A1E7A4F7556}") = "New.Models", "New.Models\New.Models.csproj", "{C44BC36C-4C1A-4DD2-A2B5-0ABB8F8DACDE}"
EndProject
Project("{9A19103F-16F7-4668-BE54-9A1E7A4F7556}") = "News.Repository", "News.Repository\News.Repository.csproj", "{C0455D5A-1CD1-419C-98FA-ED0EAACD8226}"
EndProject
Project("{FAE04EC0-301F-11D3-BF4B-00C04F79EFBC}") = "NewsAgency.App", "NewsAgency.App\NewsAgency.App.csproj", "{5795866A-DE57-4A7B-9ACD-8872AC379560}"
EndProject
Project("{FAE04EC0-301F-11D3-BF4B-00C04F79EFBC}") = "NewsAgency.Services", "NewsAgency.Services\NewsAgency.Services.csproj", "{CA0EF153-C2CB-4349-80B2-E3FDC6F8D6A1}"
EndProject
Global
	GlobalSection(SolutionConfigurationPlatforms) = preSolution
		Debug|Any CPU = Debug|Any CPU
		Release|Any CPU = Release|Any CPU
	EndGlobalSection
	GlobalSection(ProjectConfigurationPlatforms) = postSolution
		{CEA9BE60-059D-4E1E-95AB-746AF2581294}.Debug|Any CPU.ActiveCfg = Debug|Any CPU
		{CEA9BE60-059D-4E1E-95AB-746AF2581294}.Debug|Any CPU.Build.0 = Debug|Any CPU
		{CEA9BE60-059D-4E1E-95AB-746AF2581294}.Release|Any CPU.ActiveCfg = Release|Any CPU
		{CEA9BE60-059D-4E1E-95AB-746AF2581294}.Release|Any CPU.Build.0 = Release|Any CPU
		{C44BC36C-4C1A-4DD2-A2B5-0ABB8F8DACDE}.Debug|Any CPU.ActiveCfg = Debug|Any CPU
		{C44BC36C-4C1A-4DD2-A2B5-0ABB8F8DACDE}.Debug|Any CPU.Build.0 = Debug|Any CPU
		{C44BC36C-4C1A-4DD2-A2B5-0ABB8F8DACDE}.Release|Any CPU.ActiveCfg = Release|Any CPU
		{C44BC36C-4C1A-4DD2-A2B5-0ABB8F8DACDE}.Release|Any CPU.Build.0 = Release|Any CPU
		{C0455D5A-1CD1-419C-98FA-ED0EAACD8226}.Debug|Any CPU.ActiveCfg = Debug|Any CPU
		{C0455D5A-1CD1-419C-98FA-ED0EAACD8226}.Debug|Any CPU.Build.0 = Debug|Any CPU
		{C0455D5A-1CD1-419C-98FA-ED0EAACD8226}.Release|Any CPU.ActiveCfg = Release|Any CPU
		{C0455D5A-1CD1-419C-98FA-ED0EAACD8226}.Release|Any CPU.Build.0 = Release|Any CPU
		{5795866A-DE57-4A7B-9ACD-8872AC379560}.Debug|Any CPU.ActiveCfg = Debug|Any CPU
		{5795866A-DE57-4A7B-9ACD-8872AC379560}.Debug|Any CPU.Build.0 = Debug|Any CPU
		{5795866A-DE57-4A7B-9ACD-8872AC379560}.Release|Any CPU.ActiveCfg = Release|Any CPU
		{5795866A-DE57-4A7B-9ACD-8872AC379560}.Release|Any CPU.Build.0 = Release|Any CPU
		{CA0EF153-C2CB-4349-80B2-E3FDC6F8D6A1}.Debug|Any CPU.ActiveCfg = Debug|Any CPU
		{CA0EF153-C2CB-4349-80B2-E3FDC6F8D6A1}.Debug|Any CPU.Build.0 = Debug|Any CPU
		{CA0EF153-C2CB-4349-80B2-E3FDC6F8D6A1}.Release|Any CPU.ActiveCfg = Release|Any CPU
		{CA0EF153-C2CB-4349-80B2-E3FDC6F8D6A1}.Release|Any CPU.Build.0 = Release|Any CPU
	EndGlobalSection
	GlobalSection(SolutionProperties) = preSolution
		HideSolutionNode = FALSE
	EndGlobalSection
	GlobalSection(NestedProjects) = preSolution
		{CEA9BE60-059D-4E1E-95AB-746AF2581294} = {5D45992E-5E34-47E4-9DDE-66B3B088492E}
		{C44BC36C-4C1A-4DD2-A2B5-0ABB8F8DACDE} = {21B0E7F1-82A8-49B4-8E29-70E73EEFF1FE}
		{C0455D5A-1CD1-419C-98FA-ED0EAACD8226} = {21B0E7F1-82A8-49B4-8E29-70E73EEFF1FE}
		{5795866A-DE57-4A7B-9ACD-8872AC379560} = {5D45992E-5E34-47E4-9DDE-66B3B088492E}
		{CA0EF153-C2CB-4349-80B2-E3FDC6F8D6A1} = {B0AF7F79-D2B5-4FBC-958C-B334FE50178B}
	EndGlobalSection
	GlobalSection(ExtensibilityGlobals) = postSolution
		SolutionGuid = {9FAAF25C-5193-424E-BCCA-B0D87E689E8C}
	EndGlobalSection
EndGlobal
